
Microsoft Visual Studio Solution File, Format Version 12.00
# Visual Studio Version 17
VisualStudioVersion = 17.11.35327.3
MinimumVisualStudioVersion = 10.0.40219.1
Project("{9A19103F-16F7-4668-BE54-9A1E7A4F7556}") = "LibraryManagementSystem", "LibraryManagementSystem.csproj", "{1D062733-921F-40B4-9DBE-01978AF4653F}"
EndProject
Project("{FAE04EC0-301F-11D3-BF4B-00C04F79EFBC}") = "CommandsService", "..\CommandsService\CommandsService.csproj", "{15F38A88-1B42-4D5B-98F2-11851D2946A0}"
EndProject
Global
	GlobalSection(SolutionConfigurationPlatforms) = preSolution
		Debug|Any CPU = Debug|Any CPU
		Release|Any CPU = Release|Any CPU
	EndGlobalSection
	GlobalSection(ProjectConfigurationPlatforms) = postSolution
		{1D062733-921F-40B4-9DBE-01978AF4653F}.Debug|Any CPU.ActiveCfg = Debug|Any CPU
		{1D062733-921F-40B4-9DBE-01978AF4653F}.Debug|Any CPU.Build.0 = Debug|Any CPU
		{1D062733-921F-40B4-9DBE-01978AF4653F}.Release|Any CPU.ActiveCfg = Release|Any CPU
		{1D062733-921F-40B4-9DBE-01978AF4653F}.Release|Any CPU.Build.0 = Release|Any CPU
		{15F38A88-1B42-4D5B-98F2-11851D2946A0}.Debug|Any CPU.ActiveCfg = Debug|Any CPU
		{15F38A88-1B42-4D5B-98F2-11851D2946A0}.Debug|Any CPU.Build.0 = Debug|Any CPU
		{15F38A88-1B42-4D5B-98F2-11851D2946A0}.Release|Any CPU.ActiveCfg = Release|Any CPU
		{15F38A88-1B42-4D5B-98F2-11851D2946A0}.Release|Any CPU.Build.0 = Release|Any CPU
	EndGlobalSection
	GlobalSection(SolutionProperties) = preSolution
		HideSolutionNode = FALSE
	EndGlobalSection
	GlobalSection(ExtensibilityGlobals) = postSolution
		SolutionGuid = {FCC0DDE9-3237-445B-AA2C-4224C7D9E169}
	EndGlobalSection
EndGlobal
